
Microsoft Visual Studio Solution File, Format Version 12.00
# Visual Studio 15
Project("{FAE04EC0-301F-11D3-BF4B-00C04F79EFBC}") = "Assembly-CSharp-firstpass", "Assembly-CSharp-firstpass.csproj", "{10C83FF8-96A6-9D72-5712-611454E1813B}"
EndProject
Project("{FAE04EC0-301F-11D3-BF4B-00C04F79EFBC}") = "Assembly-CSharp", "Assembly-CSharp.csproj", "{CF7BF3BA-CCD3-4973-066E-CDE51FDD06AE}"
EndProject
Project("{FAE04EC0-301F-11D3-BF4B-00C04F79EFBC}") = "Assembly-CSharp-Editor-firstpass", "Assembly-CSharp-Editor-firstpass.csproj", "{88CA19EC-101A-9334-2ED7-BCB237161D7A}"
EndProject
Global
	GlobalSection(SolutionConfigurationPlatforms) = preSolution
		Debug|Any CPU = Debug|Any CPU
		Release|Any CPU = Release|Any CPU
	EndGlobalSection
	GlobalSection(ProjectConfigurationPlatforms) = postSolution
		{10C83FF8-96A6-9D72-5712-611454E1813B}.Debug|Any CPU.ActiveCfg = Debug|Any CPU
		{10C83FF8-96A6-9D72-5712-611454E1813B}.Debug|Any CPU.Build.0 = Debug|Any CPU
		{10C83FF8-96A6-9D72-5712-611454E1813B}.Release|Any CPU.ActiveCfg = Release|Any CPU
		{10C83FF8-96A6-9D72-5712-611454E1813B}.Release|Any CPU.Build.0 = Release|Any CPU
		{CF7BF3BA-CCD3-4973-066E-CDE51FDD06AE}.Debug|Any CPU.ActiveCfg = Debug|Any CPU
		{CF7BF3BA-CCD3-4973-066E-CDE51FDD06AE}.Debug|Any CPU.Build.0 = Debug|Any CPU
		{CF7BF3BA-CCD3-4973-066E-CDE51FDD06AE}.Release|Any CPU.ActiveCfg = Release|Any CPU
		{CF7BF3BA-CCD3-4973-066E-CDE51FDD06AE}.Release|Any CPU.Build.0 = Release|Any CPU
		{88CA19EC-101A-9334-2ED7-BCB237161D7A}.Debug|Any CPU.ActiveCfg = Debug|Any CPU
		{88CA19EC-101A-9334-2ED7-BCB237161D7A}.Debug|Any CPU.Build.0 = Debug|Any CPU
		{88CA19EC-101A-9334-2ED7-BCB237161D7A}.Release|Any CPU.ActiveCfg = Release|Any CPU
		{88CA19EC-101A-9334-2ED7-BCB237161D7A}.Release|Any CPU.Build.0 = Release|Any CPU
	EndGlobalSection
	GlobalSection(SolutionProperties) = preSolution
		HideSolutionNode = FALSE
	EndGlobalSection
EndGlobal
